PODS:
  - ChameleonFramework/Default (2.1.0)
  - ChameleonFramework/Swift (2.1.0):
    - ChameleonFramework/Default

DEPENDENCIES:
  - ChameleonFramework/Swift

SPEC REPOS:
  https://github.com/cocoapods/specs.git:
    - ChameleonFramework

SPEC CHECKSUMS:
  ChameleonFramework: d21a3cc247abfe5e37609a283a8238b03575cf64

PODFILE CHECKSUM: e86d9c67d448ce0ac2acb0432dccf08a331e6dec

COCOAPODS: 1.5.3
